
Microsoft Visual Studio Solution File, Format Version 12.00
# Visual Studio Version 17
VisualStudioVersion = 17.10.35122.118
MinimumVisualStudioVersion = 10.0.40219.1
Project("{FAE04EC0-301F-11D3-BF4B-00C04F79EFBC}") = "DogGo", "DogGo.csproj", "{EDD40A41-B5DE-4759-AB36-0905582E914D}"
EndProject
Global
	GlobalSection(SolutionConfigurationPlatforms) = preSolution
		Debug|Any CPU = Debug|Any CPU
		Release|Any CPU = Release|Any CPU
	EndGlobalSection
	GlobalSection(ProjectConfigurationPlatforms) = postSolution
		{EDD40A41-B5DE-4759-AB36-0905582E914D}.Debug|Any CPU.ActiveCfg = Debug|Any CPU
		{EDD40A41-B5DE-4759-AB36-0905582E914D}.Debug|Any CPU.Build.0 = Debug|Any CPU
		{EDD40A41-B5DE-4759-AB36-0905582E914D}.Release|Any CPU.ActiveCfg = Release|Any CPU
		{EDD40A41-B5DE-4759-AB36-0905582E914D}.Release|Any CPU.Build.0 = Release|Any CPU
	EndGlobalSection
	GlobalSection(SolutionProperties) = preSolution
		HideSolutionNode = FALSE
	EndGlobalSection
	GlobalSection(ExtensibilityGlobals) = postSolution
		SolutionGuid = {26F30EE5-1CBE-4AC4-A838-85A8D1F73DE6}
	EndGlobalSection
EndGlobal
